
Microsoft Visual Studio Solution File, Format Version 12.00
# Visual Studio Version 16
VisualStudioVersion = 16.0.31515.178
MinimumVisualStudioVersion = 10.0.40219.1
Project("{FAE04EC0-301F-11D3-BF4B-00C04F79EFBC}") = "ChatSocketClient", "ChatSocket\ChatSocketClient.csproj", "{8B7CF8D9-8F0F-425C-961A-D39720740B8B}"
EndProject
Project("{FAE04EC0-301F-11D3-BF4B-00C04F79EFBC}") = "ChatSocketServer", "ChatSocketServer\ChatSocketServer.csproj", "{D556570D-93C2-458F-BAD9-52E3D8DA9DE7}"
EndProject
Global
	GlobalSection(SolutionConfigurationPlatforms) = preSolution
		Debug|Any CPU = Debug|Any CPU
		Release|Any CPU = Release|Any CPU
	EndGlobalSection
	GlobalSection(ProjectConfigurationPlatforms) = postSolution
		{8B7CF8D9-8F0F-425C-961A-D39720740B8B}.Debug|Any CPU.ActiveCfg = Debug|Any CPU
		{8B7CF8D9-8F0F-425C-961A-D39720740B8B}.Debug|Any CPU.Build.0 = Debug|Any CPU
		{8B7CF8D9-8F0F-425C-961A-D39720740B8B}.Release|Any CPU.ActiveCfg = Release|Any CPU
		{8B7CF8D9-8F0F-425C-961A-D39720740B8B}.Release|Any CPU.Build.0 = Release|Any CPU
		{D556570D-93C2-458F-BAD9-52E3D8DA9DE7}.Debug|Any CPU.ActiveCfg = Debug|Any CPU
		{D556570D-93C2-458F-BAD9-52E3D8DA9DE7}.Debug|Any CPU.Build.0 = Debug|Any CPU
		{D556570D-93C2-458F-BAD9-52E3D8DA9DE7}.Release|Any CPU.ActiveCfg = Release|Any CPU
		{D556570D-93C2-458F-BAD9-52E3D8DA9DE7}.Release|Any CPU.Build.0 = Release|Any CPU
	EndGlobalSection
	GlobalSection(SolutionProperties) = preSolution
		HideSolutionNode = FALSE
	EndGlobalSection
	GlobalSection(ExtensibilityGlobals) = postSolution
		SolutionGuid = {82A74C2B-C8A3-4308-8FA3-263C5F946142}
	EndGlobalSection
EndGlobal
